
Microsoft Visual Studio Solution File, Format Version 12.00
# Visual Studio Version 16
VisualStudioVersion = 16.0.30611.23
MinimumVisualStudioVersion = 10.0.40219.1
Project("{FAE04EC0-301F-11D3-BF4B-00C04F79EFBC}") = "MonoTask.UI.Web", "MonoTask.UI.Web\MonoTask.UI.Web.csproj", "{A1FF8054-E008-4039-8AFA-0515826C9049}"
EndProject
Project("{FAE04EC0-301F-11D3-BF4B-00C04F79EFBC}") = "MonoTask.Infrastructure.DAL", "MonoTask.Infrastructure.DAL\MonoTask.Infrastructure.DAL.csproj", "{5226D660-883B-4373-8B0D-7E692B4D594C}"
EndProject
Project("{FAE04EC0-301F-11D3-BF4B-00C04F79EFBC}") = "MonoTask.Core.Services", "MonoTask.Core.Services\MonoTask.Core.Services.csproj", "{599F67F6-9B98-44BE-9BD5-B968FECCFEBB}"
EndProject
Project("{FAE04EC0-301F-11D3-BF4B-00C04F79EFBC}") = "MonoTask.Core.Entities", "MonoTask.Core.Entities\MonoTask.Core.Entities.csproj", "{CA4EE84B-03D1-4B85-99B9-344F3C0949FF}"
EndProject
Global
	GlobalSection(SolutionConfigurationPlatforms) = preSolution
		Debug|Any CPU = Debug|Any CPU
		Release|Any CPU = Release|Any CPU
	EndGlobalSection
	GlobalSection(ProjectConfigurationPlatforms) = postSolution
		{A1FF8054-E008-4039-8AFA-0515826C9049}.Debug|Any CPU.ActiveCfg = Debug|Any CPU
		{A1FF8054-E008-4039-8AFA-0515826C9049}.Debug|Any CPU.Build.0 = Debug|Any CPU
		{A1FF8054-E008-4039-8AFA-0515826C9049}.Release|Any CPU.ActiveCfg = Release|Any CPU
		{A1FF8054-E008-4039-8AFA-0515826C9049}.Release|Any CPU.Build.0 = Release|Any CPU
		{5226D660-883B-4373-8B0D-7E692B4D594C}.Debug|Any CPU.ActiveCfg = Debug|Any CPU
		{5226D660-883B-4373-8B0D-7E692B4D594C}.Debug|Any CPU.Build.0 = Debug|Any CPU
		{5226D660-883B-4373-8B0D-7E692B4D594C}.Release|Any CPU.ActiveCfg = Release|Any CPU
		{5226D660-883B-4373-8B0D-7E692B4D594C}.Release|Any CPU.Build.0 = Release|Any CPU
		{599F67F6-9B98-44BE-9BD5-B968FECCFEBB}.Debug|Any CPU.ActiveCfg = Debug|Any CPU
		{599F67F6-9B98-44BE-9BD5-B968FECCFEBB}.Debug|Any CPU.Build.0 = Debug|Any CPU
		{599F67F6-9B98-44BE-9BD5-B968FECCFEBB}.Release|Any CPU.ActiveCfg = Release|Any CPU
		{599F67F6-9B98-44BE-9BD5-B968FECCFEBB}.Release|Any CPU.Build.0 = Release|Any CPU
		{CA4EE84B-03D1-4B85-99B9-344F3C0949FF}.Debug|Any CPU.ActiveCfg = Debug|Any CPU
		{CA4EE84B-03D1-4B85-99B9-344F3C0949FF}.Debug|Any CPU.Build.0 = Debug|Any CPU
		{CA4EE84B-03D1-4B85-99B9-344F3C0949FF}.Release|Any CPU.ActiveCfg = Release|Any CPU
		{CA4EE84B-03D1-4B85-99B9-344F3C0949FF}.Release|Any CPU.Build.0 = Release|Any CPU
	EndGlobalSection
	GlobalSection(SolutionProperties) = preSolution
		HideSolutionNode = FALSE
	EndGlobalSection
	GlobalSection(ExtensibilityGlobals) = postSolution
		SolutionGuid = {684F0480-476F-432C-BC9A-8896A1D05A6E}
	EndGlobalSection
EndGlobal
